// !$*UTF8*$!
{
	archiveVersion = 1;
	classes = {
	};
	objectVersion = 60;
	objects = {

/* Begin PBXBuildFile section */
		A1B2C3D4E5F60718293A0001 /* iOSApp.swift in Sources */ = {isa = PBXBuildFile; fileRef = A1B2C3D4E5F60718293A0101 /* iOSApp.swift */; };
		A1B2C3D4E5F60718293A0002 /* ComposeRootView.swift in Sources */ = {isa = PBXBuildFile; fileRef = A1B2C3D4E5F60718293A0102 /* ComposeRootView.swift */; };
		A1B2C3D4E5F60718293A0003 /* TimeTrackerPreview.swift in Sources */ = {isa = PBXBuildFile; fileRef = A1B2C3D4E5F60718293A0103 /* TimeTrackerPreview.swift */; };
		A1B2C3D4E5F60718293A0004 /* Assets.xcassets in Resources */ = {isa = PBXBuildFile; fileRef = A1B2C3D4E5F60718293A0106 /* Assets.xcassets */; };
		B1B2C3D4E5F60718293A0001 /* watchAppApp.swift in Sources */ = {isa = PBXBuildFile; fileRef = B1B2C3D4E5F60718293A0101 /* watchAppApp.swift */; };
		B1B2C3D4E5F60718293A0002 /* WatchContentView.swift in Sources */ = {isa = PBXBuildFile; fileRef = B1B2C3D4E5F60718293A0102 /* WatchContentView.swift */; };
		B1B2C3D4E5F60718293A0003 /* WatchSessionModel.swift in Sources */ = {isa = PBXBuildFile; fileRef = B1B2C3D4E5F60718293A0103 /* WatchSessionModel.swift */; };
		B1B2C3D4E5F60718293A0004 /* watchApp.app in Embed Watch Content */ = {isa = PBXBuildFile; fileRef = B1B2C3D4E5F60718293A0105 /* watchApp.app */; settings = {ATTRIBUTES = (RemoveHeadersOnCopy, ); }; };
		B1B2C3D4E5F60718293A0005 /* Assets.xcassets in Resources */ = {isa = PBXBuildFile; fileRef = B1B2C3D4E5F60718293A0106 /* Assets.xcassets */; };
		C1B2C3D4E5F60718293A0001 /* WorkClockLiveActivityAttributes.swift in Sources */ = {isa = PBXBuildFile; fileRef = C1B2C3D4E5F60718293A0101 /* WorkClockLiveActivityAttributes.swift */; };
		C1B2C3D4E5F60718293A0002 /* IosLockScreenStatusController.swift in Sources */ = {isa = PBXBuildFile; fileRef = C1B2C3D4E5F60718293A0102 /* IosLockScreenStatusController.swift */; };
		C1B2C3D4E5F60718293A0003 /* WorkClockLiveActivityAttributes.swift in Sources */ = {isa = PBXBuildFile; fileRef = C1B2C3D4E5F60718293A0101 /* WorkClockLiveActivityAttributes.swift */; };
		C1B2C3D4E5F60718293A0004 /* WorkClockLiveActivityWidget.swift in Sources */ = {isa = PBXBuildFile; fileRef = C1B2C3D4E5F60718293A0103 /* WorkClockLiveActivityWidget.swift */; };
		C1B2C3D4E5F60718293A0005 /* WorkClockLiveActivity.appex in Embed App Extensions */ = {isa = PBXBuildFile; fileRef = C1B2C3D4E5F60718293A0105 /* WorkClockLiveActivity.appex */; settings = {ATTRIBUTES = (RemoveHeadersOnCopy, ); }; };
/* End PBXBuildFile section */

/* Begin PBXContainerItemProxy section */
		B1B2C3D4E5F60718293A0C01 /* PBXContainerItemProxy */ = {
			isa = PBXContainerItemProxy;
			containerPortal = A1B2C3D4E5F60718293A0801 /* Project object */;
			proxyType = 1;
			remoteGlobalIDString = B1B2C3D4E5F60718293A0402;
			remoteInfo = watchApp;
		};
		C1B2C3D4E5F60718293A0C01 /* PBXContainerItemProxy */ = {
			isa = PBXContainerItemProxy;
			containerPortal = A1B2C3D4E5F60718293A0801 /* Project object */;
			proxyType = 1;
			remoteGlobalIDString = C1B2C3D4E5F60718293A0401;
			remoteInfo = WorkClockLiveActivity;
		};
/* End PBXContainerItemProxy section */

/* Begin PBXCopyFilesBuildPhase section */
		B1B2C3D4E5F60718293A0702 /* Embed Watch Content */ = {
			isa = PBXCopyFilesBuildPhase;
			buildActionMask = 2147483647;
			dstPath = "$(CONTENTS_FOLDER_PATH)/Watch";
			dstSubfolderSpec = 16;
			files = (
				B1B2C3D4E5F60718293A0004 /* watchApp.app in Embed Watch Content */,
			);
			name = "Embed Watch Content";
			runOnlyForDeploymentPostprocessing = 0;
		};
		C1B2C3D4E5F60718293A0701 /* Embed App Extensions */ = {
			isa = PBXCopyFilesBuildPhase;
			buildActionMask = 2147483647;
			dstPath = "";
			dstSubfolderSpec = 13;
			files = (
				C1B2C3D4E5F60718293A0005 /* WorkClockLiveActivity.appex in Embed App Extensions */,
			);
			name = "Embed App Extensions";
			runOnlyForDeploymentPostprocessing = 0;
		};
/* End PBXCopyFilesBuildPhase section */

/* Begin PBXFileReference section */
		A1B2C3D4E5F60718293A0101 /* iOSApp.swift */ = {isa = PBXFileReference; lastKnownFileType = sourcecode.swift; path = iOSApp.swift; sourceTree = "<group>"; };
		A1B2C3D4E5F60718293A0102 /* ComposeRootView.swift */ = {isa = PBXFileReference; lastKnownFileType = sourcecode.swift; path = ComposeRootView.swift; sourceTree = "<group>"; };
		A1B2C3D4E5F60718293A0103 /* TimeTrackerPreview.swift */ = {isa = PBXFileReference; lastKnownFileType = sourcecode.swift; path = TimeTrackerPreview.swift; sourceTree = "<group>"; };
		A1B2C3D4E5F60718293A0104 /* Info.plist */ = {isa = PBXFileReference; lastKnownFileType = text.plist.xml; path = Info.plist; sourceTree = "<group>"; };
		A1B2C3D4E5F60718293A0105 /* iosApp.app */ = {isa = PBXFileReference; explicitFileType = wrapper.application; includeInIndex = 0; path = iosApp.app; sourceTree = BUILT_PRODUCTS_DIR; };
		A1B2C3D4E5F60718293A0106 /* Assets.xcassets */ = {isa = PBXFileReference; lastKnownFileType = folder.assetcatalog; path = Assets.xcassets; sourceTree = "<group>"; };
		B1B2C3D4E5F60718293A0101 /* watchAppApp.swift */ = {isa = PBXFileReference; lastKnownFileType = sourcecode.swift; path = watchAppApp.swift; sourceTree = "<group>"; };
		B1B2C3D4E5F60718293A0102 /* WatchContentView.swift */ = {isa = PBXFileReference; lastKnownFileType = sourcecode.swift; path = WatchContentView.swift; sourceTree = "<group>"; };
		B1B2C3D4E5F60718293A0103 /* WatchSessionModel.swift */ = {isa = PBXFileReference; lastKnownFileType = sourcecode.swift; path = WatchSessionModel.swift; sourceTree = "<group>"; };
		B1B2C3D4E5F60718293A0104 /* Info.plist */ = {isa = PBXFileReference; lastKnownFileType = text.plist.xml; path = Info.plist; sourceTree = "<group>"; };
		B1B2C3D4E5F60718293A0105 /* watchApp.app */ = {isa = PBXFileReference; explicitFileType = wrapper.application; includeInIndex = 0; path = watchApp.app; sourceTree = BUILT_PRODUCTS_DIR; };
		B1B2C3D4E5F60718293A0106 /* Assets.xcassets */ = {isa = PBXFileReference; lastKnownFileType = folder.assetcatalog; path = Assets.xcassets; sourceTree = "<group>"; };
		C1B2C3D4E5F60718293A0101 /* WorkClockLiveActivityAttributes.swift */ = {isa = PBXFileReference; lastKnownFileType = sourcecode.swift; path = WorkClockLiveActivityAttributes.swift; sourceTree = "<group>"; };
		C1B2C3D4E5F60718293A0102 /* IosLockScreenStatusController.swift */ = {isa = PBXFileReference; lastKnownFileType = sourcecode.swift; path = IosLockScreenStatusController.swift; sourceTree = "<group>"; };
		C1B2C3D4E5F60718293A0103 /* WorkClockLiveActivityWidget.swift */ = {isa = PBXFileReference; lastKnownFileType = sourcecode.swift; path = WorkClockLiveActivityWidget.swift; sourceTree = "<group>"; };
		C1B2C3D4E5F60718293A0104 /* Info.plist */ = {isa = PBXFileReference; lastKnownFileType = text.plist.xml; path = Info.plist; sourceTree = "<group>"; };
		C1B2C3D4E5F60718293A0105 /* WorkClockLiveActivity.appex */ = {isa = PBXFileReference; explicitFileType = "wrapper.app-extension"; includeInIndex = 0; path = WorkClockLiveActivity.appex; sourceTree = BUILT_PRODUCTS_DIR; };
/* End PBXFileReference section */

/* Begin PBXFrameworksBuildPhase section */
		A1B2C3D4E5F60718293A0201 /* Frameworks */ = {
			isa = PBXFrameworksBuildPhase;
			buildActionMask = 2147483647;
			files = (
			);
			runOnlyForDeploymentPostprocessing = 0;
		};
		B1B2C3D4E5F60718293A0201 /* Frameworks */ = {
			isa = PBXFrameworksBuildPhase;
			buildActionMask = 2147483647;
			files = (
			);
			runOnlyForDeploymentPostprocessing = 0;
		};
		C1B2C3D4E5F60718293A0201 /* Frameworks */ = {
			isa = PBXFrameworksBuildPhase;
			buildActionMask = 2147483647;
			files = (
			);
			runOnlyForDeploymentPostprocessing = 0;
		};
/* End PBXFrameworksBuildPhase section */

/* Begin PBXGroup section */
		A1B2C3D4E5F60718293A0301 = {
			isa = PBXGroup;
			children = (
				A1B2C3D4E5F60718293A0302 /* iosApp */,
				B1B2C3D4E5F60718293A0304 /* watchApp */,
				C1B2C3D4E5F60718293A0301 /* WorkClockLiveActivity */,
				A1B2C3D4E5F60718293A0303 /* Products */,
			);
			sourceTree = "<group>";
		};
		A1B2C3D4E5F60718293A0302 /* iosApp */ = {
			isa = PBXGroup;
			children = (
				A1B2C3D4E5F60718293A0101 /* iOSApp.swift */,
				A1B2C3D4E5F60718293A0102 /* ComposeRootView.swift */,
				A1B2C3D4E5F60718293A0103 /* TimeTrackerPreview.swift */,
				C1B2C3D4E5F60718293A0102 /* IosLockScreenStatusController.swift */,
				C1B2C3D4E5F60718293A0101 /* WorkClockLiveActivityAttributes.swift */,
				A1B2C3D4E5F60718293A0104 /* Info.plist */,
				A1B2C3D4E5F60718293A0106 /* Assets.xcassets */,
			);
			path = iosApp;
			sourceTree = "<group>";
		};
		B1B2C3D4E5F60718293A0304 /* watchApp */ = {
			isa = PBXGroup;
			children = (
				B1B2C3D4E5F60718293A0101 /* watchAppApp.swift */,
				B1B2C3D4E5F60718293A0102 /* WatchContentView.swift */,
				B1B2C3D4E5F60718293A0103 /* WatchSessionModel.swift */,
				B1B2C3D4E5F60718293A0104 /* Info.plist */,
				B1B2C3D4E5F60718293A0106 /* Assets.xcassets */,
			);
			path = watchApp;
			sourceTree = "<group>";
		};
		C1B2C3D4E5F60718293A0301 /* WorkClockLiveActivity */ = {
			isa = PBXGroup;
			children = (
				C1B2C3D4E5F60718293A0103 /* WorkClockLiveActivityWidget.swift */,
				C1B2C3D4E5F60718293A0104 /* Info.plist */,
			);
			path = WorkClockLiveActivity;
			sourceTree = "<group>";
		};
		A1B2C3D4E5F60718293A0303 /* Products */ = {
			isa = PBXGroup;
			children = (
				A1B2C3D4E5F60718293A0105 /* iosApp.app */,
				B1B2C3D4E5F60718293A0105 /* watchApp.app */,
				C1B2C3D4E5F60718293A0105 /* WorkClockLiveActivity.appex */,
			);
			name = Products;
			sourceTree = "<group>";
		};
/* End PBXGroup section */

/* Begin PBXNativeTarget section */
		A1B2C3D4E5F60718293A0401 /* iosApp */ = {
			isa = PBXNativeTarget;
			buildConfigurationList = A1B2C3D4E5F60718293A0902 /* Build configuration list for PBXNativeTarget "iosApp" */;
			buildPhases = (
				A1B2C3D4E5F60718293A0701 /* Build ComposeApp framework */,
				A1B2C3D4E5F60718293A0501 /* Sources */,
				A1B2C3D4E5F60718293A0201 /* Frameworks */,
				A1B2C3D4E5F60718293A0601 /* Resources */,
				B1B2C3D4E5F60718293A0702 /* Embed Watch Content */,
				C1B2C3D4E5F60718293A0701 /* Embed App Extensions */,
			);
			buildRules = (
			);
			dependencies = (
				B1B2C3D4E5F60718293A0D01 /* PBXTargetDependency */,
				C1B2C3D4E5F60718293A0D01 /* PBXTargetDependency */,
			);
			name = iosApp;
			productName = iosApp;
			productReference = A1B2C3D4E5F60718293A0105 /* iosApp.app */;
			productType = "com.apple.product-type.application";
		};
		B1B2C3D4E5F60718293A0402 /* watchApp */ = {
			isa = PBXNativeTarget;
			buildConfigurationList = B1B2C3D4E5F60718293A0903 /* Build configuration list for PBXNativeTarget "watchApp" */;
			buildPhases = (
				B1B2C3D4E5F60718293A0502 /* Sources */,
				B1B2C3D4E5F60718293A0201 /* Frameworks */,
				B1B2C3D4E5F60718293A0602 /* Resources */,
			);
			buildRules = (
			);
			dependencies = (
			);
			name = watchApp;
			productName = watchApp;
			productReference = B1B2C3D4E5F60718293A0105 /* watchApp.app */;
			productType = "com.apple.product-type.application";
		};
		C1B2C3D4E5F60718293A0401 /* WorkClockLiveActivity */ = {
			isa = PBXNativeTarget;
			buildConfigurationList = C1B2C3D4E5F60718293A0901 /* Build configuration list for PBXNativeTarget "WorkClockLiveActivity" */;
			buildPhases = (
				C1B2C3D4E5F60718293A0501 /* Sources */,
				C1B2C3D4E5F60718293A0201 /* Frameworks */,
				C1B2C3D4E5F60718293A0601 /* Resources */,
			);
			buildRules = (
			);
			dependencies = (
			);
			name = WorkClockLiveActivity;
			productName = WorkClockLiveActivity;
			productReference = C1B2C3D4E5F60718293A0105 /* WorkClockLiveActivity.appex */;
			productType = "com.apple.product-type.app-extension";
		};
/* End PBXNativeTarget section */

/* Begin PBXProject section */
		A1B2C3D4E5F60718293A0801 /* Project object */ = {
			isa = PBXProject;
			attributes = {
				BuildIndependentTargetsInParallel = 1;
				LastSwiftUpdateCheck = 1600;
				LastUpgradeCheck = 1600;
				TargetAttributes = {
					A1B2C3D4E5F60718293A0401 = {
						CreatedOnToolsVersion = 16.0;
					};
					B1B2C3D4E5F60718293A0402 = {
						CreatedOnToolsVersion = 26.5;
					};
					C1B2C3D4E5F60718293A0401 = {
						CreatedOnToolsVersion = 16.0;
					};
				};
			};
			buildConfigurationList = A1B2C3D4E5F60718293A0901 /* Build configuration list for PBXProject "iosApp" */;
			compatibilityVersion = "Xcode 15.0";
			developmentRegion = en;
			hasScannedForEncodings = 0;
			knownRegions = (
				en,
				Base,
			);
			mainGroup = A1B2C3D4E5F60718293A0301;
			productRefGroup = A1B2C3D4E5F60718293A0303 /* Products */;
			projectDirPath = "";
			projectRoot = "";
			targets = (
				A1B2C3D4E5F60718293A0401 /* iosApp */,
				B1B2C3D4E5F60718293A0402 /* watchApp */,
				C1B2C3D4E5F60718293A0401 /* WorkClockLiveActivity */,
			);
		};
/* End PBXProject section */

/* Begin PBXResourcesBuildPhase section */
		A1B2C3D4E5F60718293A0601 /* Resources */ = {
			isa = PBXResourcesBuildPhase;
			buildActionMask = 2147483647;
			files = (
				A1B2C3D4E5F60718293A0004 /* Assets.xcassets in Resources */,
			);
			runOnlyForDeploymentPostprocessing = 0;
		};
		B1B2C3D4E5F60718293A0602 /* Resources */ = {
			isa = PBXResourcesBuildPhase;
			buildActionMask = 2147483647;
			files = (
				B1B2C3D4E5F60718293A0005 /* Assets.xcassets in Resources */,
			);
			runOnlyForDeploymentPostprocessing = 0;
		};
		C1B2C3D4E5F60718293A0601 /* Resources */ = {
			isa = PBXResourcesBuildPhase;
			buildActionMask = 2147483647;
			files = (
			);
			runOnlyForDeploymentPostprocessing = 0;
		};
/* End PBXResourcesBuildPhase section */

/* Begin PBXShellScriptBuildPhase section */
		A1B2C3D4E5F60718293A0701 /* Build ComposeApp framework */ = {
			isa = PBXShellScriptBuildPhase;
			alwaysOutOfDate = 1;
			buildActionMask = 2147483647;
			files = (
			);
			inputFileListPaths = (
			);
			inputPaths = (
			);
			name = "Build ComposeApp framework";
			outputFileListPaths = (
			);
			outputPaths = (
			);
			runOnlyForDeploymentPostprocessing = 0;
			shellPath = /bin/sh;
			shellScript = "cd \"$SRCROOT/..\"\n./gradlew :composeApp:embedAndSignAppleFrameworkForXcode\n";
		};
/* End PBXShellScriptBuildPhase section */

/* Begin PBXSourcesBuildPhase section */
		A1B2C3D4E5F60718293A0501 /* Sources */ = {
			isa = PBXSourcesBuildPhase;
			buildActionMask = 2147483647;
			files = (
				A1B2C3D4E5F60718293A0001 /* iOSApp.swift in Sources */,
				A1B2C3D4E5F60718293A0002 /* ComposeRootView.swift in Sources */,
				A1B2C3D4E5F60718293A0003 /* TimeTrackerPreview.swift in Sources */,
				C1B2C3D4E5F60718293A0002 /* IosLockScreenStatusController.swift in Sources */,
				C1B2C3D4E5F60718293A0001 /* WorkClockLiveActivityAttributes.swift in Sources */,
			);
			runOnlyForDeploymentPostprocessing = 0;
		};
		B1B2C3D4E5F60718293A0502 /* Sources */ = {
			isa = PBXSourcesBuildPhase;
			buildActionMask = 2147483647;
			files = (
				B1B2C3D4E5F60718293A0001 /* watchAppApp.swift in Sources */,
				B1B2C3D4E5F60718293A0002 /* WatchContentView.swift in Sources */,
				B1B2C3D4E5F60718293A0003 /* WatchSessionModel.swift in Sources */,
			);
			runOnlyForDeploymentPostprocessing = 0;
		};
		C1B2C3D4E5F60718293A0501 /* Sources */ = {
			isa = PBXSourcesBuildPhase;
			buildActionMask = 2147483647;
			files = (
				C1B2C3D4E5F60718293A0004 /* WorkClockLiveActivityWidget.swift in Sources */,
				C1B2C3D4E5F60718293A0003 /* WorkClockLiveActivityAttributes.swift in Sources */,
			);
			runOnlyForDeploymentPostprocessing = 0;
		};
/* End PBXSourcesBuildPhase section */

/* Begin PBXTargetDependency section */
		B1B2C3D4E5F60718293A0D01 /* PBXTargetDependency */ = {
			isa = PBXTargetDependency;
			target = B1B2C3D4E5F60718293A0402 /* watchApp */;
			targetProxy = B1B2C3D4E5F60718293A0C01 /* PBXContainerItemProxy */;
		};
		C1B2C3D4E5F60718293A0D01 /* PBXTargetDependency */ = {
			isa = PBXTargetDependency;
			target = C1B2C3D4E5F60718293A0401 /* WorkClockLiveActivity */;
			targetProxy = C1B2C3D4E5F60718293A0C01 /* PBXContainerItemProxy */;
		};
/* End PBXTargetDependency section */

/* Begin XCBuildConfiguration section */
		A1B2C3D4E5F60718293A0A01 /* Debug */ = {
			isa = XCBuildConfiguration;
			buildSettings = {
				ALWAYS_SEARCH_USER_PATHS = NO;
				CLANG_ANALYZER_NONNULL = YES;
				CLANG_ANALYZER_NUMBER_OBJECT_CONVERSION = YES_AGGRESSIVE;
				CLANG_CXX_LANGUAGE_STANDARD = "gnu++20";
				CLANG_ENABLE_MODULES = YES;
				CLANG_ENABLE_OBJC_ARC = YES;
				CLANG_ENABLE_OBJC_WEAK = YES;
				CLANG_WARN_BLOCK_CAPTURE_AUTORELEASING = YES;
				CLANG_WARN_BOOL_CONVERSION = YES;
				CLANG_WARN_COMMA = YES;
				CLANG_WARN_CONSTANT_CONVERSION = YES;
				CLANG_WARN_DEPRECATED_OBJC_IMPLEMENTATIONS = YES;
				CLANG_WARN_DIRECT_OBJC_ISA_USAGE = YES_ERROR;
				CLANG_WARN_DOCUMENTATION_COMMENTS = YES;
				CLANG_WARN_EMPTY_BODY = YES;
				CLANG_WARN_ENUM_CONVERSION = YES;
				CLANG_WARN_INFINITE_RECURSION = YES;
				CLANG_WARN_INT_CONVERSION = YES;
				CLANG_WARN_NON_LITERAL_NULL_CONVERSION = YES;
				CLANG_WARN_OBJC_IMPLICIT_RETAIN_SELF = YES;
				CLANG_WARN_OBJC_LITERAL_CONVERSION = YES;
				CLANG_WARN_OBJC_ROOT_CLASS = YES_ERROR;
				CLANG_WARN_QUOTED_INCLUDE_IN_FRAMEWORK_HEADER = YES;
				CLANG_WARN_RANGE_LOOP_ANALYSIS = YES;
				CLANG_WARN_STRICT_PROTOTYPES = YES;
				CLANG_WARN_SUSPICIOUS_MOVE = YES;
				CLANG_WARN_UNGUARDED_AVAILABILITY = YES_AGGRESSIVE;
				CLANG_WARN_UNREACHABLE_CODE = YES;
				CLANG_WARN__DUPLICATE_METHOD_MATCH = YES;
				COPY_PHASE_STRIP = NO;
				DEBUG_INFORMATION_FORMAT = dwarf;
				ENABLE_STRICT_OBJC_MSGSEND = YES;
				ENABLE_TESTABILITY = YES;
				ENABLE_USER_SCRIPT_SANDBOXING = NO;
				GCC_C_LANGUAGE_STANDARD = gnu17;
				GCC_DYNAMIC_NO_PIC = NO;
				GCC_NO_COMMON_BLOCKS = YES;
				GCC_OPTIMIZATION_LEVEL = 0;
				GCC_PREPROCESSOR_DEFINITIONS = (
					"DEBUG=1",
					"$(inherited)",
				);
				GCC_WARN_64_TO_32_BIT_CONVERSION = YES;
				GCC_WARN_ABOUT_RETURN_TYPE = YES_ERROR;
				GCC_WARN_UNDECLARED_SELECTOR = YES;
				GCC_WARN_UNINITIALIZED_AUTOS = YES_AGGRESSIVE;
				GCC_WARN_UNUSED_FUNCTION = YES;
				GCC_WARN_UNUSED_VARIABLE = YES;
				IPHONEOS_DEPLOYMENT_TARGET = 15.0;
				MTL_ENABLE_DEBUG_INFO = INCLUDE_SOURCE;
				MTL_FAST_MATH = YES;
				ONLY_ACTIVE_ARCH = YES;
				SDKROOT = iphoneos;
				SWIFT_ACTIVE_COMPILATION_CONDITIONS = DEBUG;
				SWIFT_OPTIMIZATION_LEVEL = "-Onone";
			};
			name = Debug;
		};
		A1B2C3D4E5F60718293A0A02 /* Release */ = {
			isa = XCBuildConfiguration;
			buildSettings = {
				ALWAYS_SEARCH_USER_PATHS = NO;
				CLANG_ANALYZER_NONNULL = YES;
				CLANG_ANALYZER_NUMBER_OBJECT_CONVERSION = YES_AGGRESSIVE;
				CLANG_CXX_LANGUAGE_STANDARD = "gnu++20";
				CLANG_ENABLE_MODULES = YES;
				CLANG_ENABLE_OBJC_ARC = YES;
				CLANG_ENABLE_OBJC_WEAK = YES;
				CLANG_WARN_BLOCK_CAPTURE_AUTORELEASING = YES;
				CLANG_WARN_BOOL_CONVERSION = YES;
				CLANG_WARN_COMMA = YES;
				CLANG_WARN_CONSTANT_CONVERSION = YES;
				CLANG_WARN_DEPRECATED_OBJC_IMPLEMENTATIONS = YES;
				CLANG_WARN_DIRECT_OBJC_ISA_USAGE = YES_ERROR;
				CLANG_WARN_DOCUMENTATION_COMMENTS = YES;
				CLANG_WARN_EMPTY_BODY = YES;
				CLANG_WARN_ENUM_CONVERSION = YES;
				CLANG_WARN_INFINITE_RECURSION = YES;
				CLANG_WARN_INT_CONVERSION = YES;
				CLANG_WARN_NON_LITERAL_NULL_CONVERSION = YES;
				CLANG_WARN_OBJC_IMPLICIT_RETAIN_SELF = YES;
				CLANG_WARN_OBJC_LITERAL_CONVERSION = YES;
				CLANG_WARN_OBJC_ROOT_CLASS = YES_ERROR;
				CLANG_WARN_QUOTED_INCLUDE_IN_FRAMEWORK_HEADER = YES;
				CLANG_WARN_RANGE_LOOP_ANALYSIS = YES;
				CLANG_WARN_STRICT_PROTOTYPES = YES;
				CLANG_WARN_SUSPICIOUS_MOVE = YES;
				CLANG_WARN_UNGUARDED_AVAILABILITY = YES_AGGRESSIVE;
				CLANG_WARN_UNREACHABLE_CODE = YES;
				CLANG_WARN__DUPLICATE_METHOD_MATCH = YES;
				COPY_PHASE_STRIP = NO;
				DEBUG_INFORMATION_FORMAT = "dwarf-with-dsym";
				ENABLE_NS_ASSERTIONS = NO;
				ENABLE_STRICT_OBJC_MSGSEND = YES;
				ENABLE_USER_SCRIPT_SANDBOXING = NO;
				GCC_C_LANGUAGE_STANDARD = gnu17;
				GCC_NO_COMMON_BLOCKS = YES;
				GCC_WARN_64_TO_32_BIT_CONVERSION = YES;
				GCC_WARN_ABOUT_RETURN_TYPE = YES_ERROR;
				GCC_WARN_UNDECLARED_SELECTOR = YES;
				GCC_WARN_UNINITIALIZED_AUTOS = YES_AGGRESSIVE;
				GCC_WARN_UNUSED_FUNCTION = YES;
				GCC_WARN_UNUSED_VARIABLE = YES;
				IPHONEOS_DEPLOYMENT_TARGET = 15.0;
				MTL_ENABLE_DEBUG_INFO = NO;
				MTL_FAST_MATH = YES;
				SDKROOT = iphoneos;
				SWIFT_COMPILATION_MODE = wholemodule;
				SWIFT_OPTIMIZATION_LEVEL = "-O";
				VALIDATE_PRODUCT = YES;
			};
			name = Release;
		};
		A1B2C3D4E5F60718293A0A03 /* Debug */ = {
			isa = XCBuildConfiguration;
			buildSettings = {
				ASSETCATALOG_COMPILER_APPICON_NAME = AppIcon;
				APP_DISPLAY_NAME = "WorkClock DEBUG";
				CODE_SIGN_STYLE = Automatic;
				CURRENT_PROJECT_VERSION = 1;
				DEVELOPMENT_ASSET_PATHS = "";
				DEVELOPMENT_TEAM = T4DCMMU488;
				ENABLE_PREVIEWS = YES;
				FRAMEWORK_SEARCH_PATHS = (
					"$(inherited)",
					"$(SRCROOT)/../composeApp/build/xcode-frameworks/$(CONFIGURATION)/$(SDK_NAME)",
				);
				GENERATE_INFOPLIST_FILE = NO;
				INFOPLIST_FILE = iosApp/Info.plist;
				LD_RUNPATH_SEARCH_PATHS = (
					"$(inherited)",
					"@executable_path/Frameworks",
				);
				IOS_APP_BUNDLE_IDENTIFIER = com.iamapo.timetracker.iosApp.debug;
				MARKETING_VERSION = 1.0;
				OTHER_LDFLAGS = (
					"$(inherited)",
					"-framework",
					ComposeApp,
				);
				PRODUCT_BUNDLE_IDENTIFIER = com.iamapo.timetracker.iosApp.debug;
				PRODUCT_NAME = "$(TARGET_NAME)";
				SWIFT_VERSION = 5.0;
				TARGETED_DEVICE_FAMILY = "1,2";
			};
			name = Debug;
		};
		A1B2C3D4E5F60718293A0A04 /* Release */ = {
			isa = XCBuildConfiguration;
			buildSettings = {
				ASSETCATALOG_COMPILER_APPICON_NAME = AppIcon;
				APP_DISPLAY_NAME = WorkClock;
				CODE_SIGN_STYLE = Automatic;
				CURRENT_PROJECT_VERSION = 1;
				DEVELOPMENT_TEAM = T4DCMMU488;
				ENABLE_PREVIEWS = YES;
				FRAMEWORK_SEARCH_PATHS = (
					"$(inherited)",
					"$(SRCROOT)/../composeApp/build/xcode-frameworks/$(CONFIGURATION)/$(SDK_NAME)",
				);
				GENERATE_INFOPLIST_FILE = NO;
				INFOPLIST_FILE = iosApp/Info.plist;
				LD_RUNPATH_SEARCH_PATHS = (
					"$(inherited)",
					"@executable_path/Frameworks",
				);
				IOS_APP_BUNDLE_IDENTIFIER = com.iamapo.timetracker.iosApp;
				MARKETING_VERSION = 1.0;
				OTHER_LDFLAGS = (
					"$(inherited)",
					"-framework",
					ComposeApp,
				);
				PRODUCT_BUNDLE_IDENTIFIER = com.iamapo.timetracker.iosApp;
				PRODUCT_NAME = "$(TARGET_NAME)";
				SWIFT_VERSION = 5.0;
				TARGETED_DEVICE_FAMILY = "1,2";
			};
			name = Release;
		};
		B1B2C3D4E5F60718293A0A05 /* Debug */ = {
			isa = XCBuildConfiguration;
			buildSettings = {
				ASSETCATALOG_COMPILER_APPICON_NAME = AppIcon;
				APP_DISPLAY_NAME = "WorkClock DEBUG";
				CODE_SIGN_STYLE = Automatic;
				CURRENT_PROJECT_VERSION = 1;
				DEVELOPMENT_TEAM = T4DCMMU488;
				ENABLE_PREVIEWS = YES;
				GENERATE_INFOPLIST_FILE = NO;
				INFOPLIST_FILE = watchApp/Info.plist;
				LD_RUNPATH_SEARCH_PATHS = (
					"$(inherited)",
					"@executable_path/Frameworks",
				);
				IOS_APP_BUNDLE_IDENTIFIER = com.iamapo.timetracker.iosApp.debug;
				MARKETING_VERSION = 1.0;
				PRODUCT_BUNDLE_IDENTIFIER = com.iamapo.timetracker.iosApp.debug.watchkitapp;
				PRODUCT_NAME = "$(TARGET_NAME)";
				SDKROOT = watchos;
				SKIP_INSTALL = YES;
				SUPPORTED_PLATFORMS = "watchos watchsimulator";
				SWIFT_VERSION = 5.0;
				TARGETED_DEVICE_FAMILY = 4;
				WATCHOS_DEPLOYMENT_TARGET = 10.0;
			};
			name = Debug;
		};
		B1B2C3D4E5F60718293A0A06 /* Release */ = {
			isa = XCBuildConfiguration;
			buildSettings = {
				ASSETCATALOG_COMPILER_APPICON_NAME = AppIcon;
				APP_DISPLAY_NAME = WorkClock;
				CODE_SIGN_STYLE = Automatic;
				CURRENT_PROJECT_VERSION = 1;
				DEVELOPMENT_TEAM = T4DCMMU488;
				ENABLE_PREVIEWS = YES;
				GENERATE_INFOPLIST_FILE = NO;
				INFOPLIST_FILE = watchApp/Info.plist;
				LD_RUNPATH_SEARCH_PATHS = (
					"$(inherited)",
					"@executable_path/Frameworks",
				);
				IOS_APP_BUNDLE_IDENTIFIER = com.iamapo.timetracker.iosApp;
				MARKETING_VERSION = 1.0;
				PRODUCT_BUNDLE_IDENTIFIER = com.iamapo.timetracker.iosApp.watchkitapp;
				PRODUCT_NAME = "$(TARGET_NAME)";
				SDKROOT = watchos;
				SKIP_INSTALL = YES;
				SUPPORTED_PLATFORMS = "watchos watchsimulator";
				SWIFT_VERSION = 5.0;
				TARGETED_DEVICE_FAMILY = 4;
				WATCHOS_DEPLOYMENT_TARGET = 10.0;
			};
			name = Release;
		};
		C1B2C3D4E5F60718293A0A01 /* Debug */ = {
			isa = XCBuildConfiguration;
			buildSettings = {
				APPLICATION_EXTENSION_API_ONLY = YES;
				CODE_SIGN_STYLE = Automatic;
				CURRENT_PROJECT_VERSION = 1;
				DEVELOPMENT_TEAM = T4DCMMU488;
				ENABLE_PREVIEWS = YES;
				GENERATE_INFOPLIST_FILE = NO;
				INFOPLIST_FILE = WorkClockLiveActivity/Info.plist;
				IPHONEOS_DEPLOYMENT_TARGET = 16.1;
				LD_RUNPATH_SEARCH_PATHS = (
					"$(inherited)",
					"@executable_path/Frameworks",
					"@executable_path/../../Frameworks",
				);
				LIVE_ACTIVITY_DISPLAY_NAME = "WorkClock DEBUG Live Activity";
				MARKETING_VERSION = 1.0;
				PRODUCT_BUNDLE_IDENTIFIER = com.iamapo.timetracker.iosApp.debug.WorkClockLiveActivity;
				PRODUCT_NAME = "$(TARGET_NAME)";
				SDKROOT = iphoneos;
				SKIP_INSTALL = YES;
				SWIFT_VERSION = 5.0;
				TARGETED_DEVICE_FAMILY = "1,2";
			};
			name = Debug;
		};
		C1B2C3D4E5F60718293A0A02 /* Release */ = {
			isa = XCBuildConfiguration;
			buildSettings = {
				APPLICATION_EXTENSION_API_ONLY = YES;
				CODE_SIGN_STYLE = Automatic;
				CURRENT_PROJECT_VERSION = 1;
				DEVELOPMENT_TEAM = T4DCMMU488;
				ENABLE_PREVIEWS = YES;
				GENERATE_INFOPLIST_FILE = NO;
				INFOPLIST_FILE = WorkClockLiveActivity/Info.plist;
				IPHONEOS_DEPLOYMENT_TARGET = 16.1;
				LD_RUNPATH_SEARCH_PATHS = (
					"$(inherited)",
					"@executable_path/Frameworks",
					"@executable_path/../../Frameworks",
				);
				LIVE_ACTIVITY_DISPLAY_NAME = "WorkClock Live Activity";
				MARKETING_VERSION = 1.0;
				PRODUCT_BUNDLE_IDENTIFIER = com.iamapo.timetracker.iosApp.WorkClockLiveActivity;
				PRODUCT_NAME = "$(TARGET_NAME)";
				SDKROOT = iphoneos;
				SKIP_INSTALL = YES;
				SWIFT_VERSION = 5.0;
				TARGETED_DEVICE_FAMILY = "1,2";
			};
			name = Release;
		};
/* End XCBuildConfiguration section */

/* Begin XCConfigurationList section */
		A1B2C3D4E5F60718293A0901 /* Build configuration list for PBXProject "iosApp" */ = {
			isa = XCConfigurationList;
			buildConfigurations = (
				A1B2C3D4E5F60718293A0A01 /* Debug */,
				A1B2C3D4E5F60718293A0A02 /* Release */,
			);
			defaultConfigurationIsVisible = 0;
			defaultConfigurationName = Release;
		};
		A1B2C3D4E5F60718293A0902 /* Build configuration list for PBXNativeTarget "iosApp" */ = {
			isa = XCConfigurationList;
			buildConfigurations = (
				A1B2C3D4E5F60718293A0A03 /* Debug */,
				A1B2C3D4E5F60718293A0A04 /* Release */,
			);
			defaultConfigurationIsVisible = 0;
			defaultConfigurationName = Release;
		};
		B1B2C3D4E5F60718293A0903 /* Build configuration list for PBXNativeTarget "watchApp" */ = {
			isa = XCConfigurationList;
			buildConfigurations = (
				B1B2C3D4E5F60718293A0A05 /* Debug */,
				B1B2C3D4E5F60718293A0A06 /* Release */,
			);
			defaultConfigurationIsVisible = 0;
			defaultConfigurationName = Release;
		};
		C1B2C3D4E5F60718293A0901 /* Build configuration list for PBXNativeTarget "WorkClockLiveActivity" */ = {
			isa = XCConfigurationList;
			buildConfigurations = (
				C1B2C3D4E5F60718293A0A01 /* Debug */,
				C1B2C3D4E5F60718293A0A02 /* Release */,
			);
			defaultConfigurationIsVisible = 0;
			defaultConfigurationName = Release;
		};
/* End XCConfigurationList section */
	};
	rootObject = A1B2C3D4E5F60718293A0801 /* Project object */;
}
